
Microsoft Visual Studio Solution File, Format Version 12.00
# Visual Studio Version 17
VisualStudioVersion = 17.1.32328.378
MinimumVisualStudioVersion = 10.0.40219.1
Project("{FAE04EC0-301F-11D3-BF4B-00C04F79EFBC}") = "HomeWork2", "HomeWork2\HomeWork2.csproj", "{493CEC88-6F20-4F60-83A6-2B6360B20CB3}"
EndProject
Global
	GlobalSection(SolutionConfigurationPlatforms) = preSolution
		Debug|Any CPU = Debug|Any CPU
		Release|Any CPU = Release|Any CPU
	EndGlobalSection
	GlobalSection(ProjectConfigurationPlatforms) = postSolution
		{493CEC88-6F20-4F60-83A6-2B6360B20CB3}.Debug|Any CPU.ActiveCfg = Debug|Any CPU
		{493CEC88-6F20-4F60-83A6-2B6360B20CB3}.Debug|Any CPU.Build.0 = Debug|Any CPU
		{493CEC88-6F20-4F60-83A6-2B6360B20CB3}.Release|Any CPU.ActiveCfg = Release|Any CPU
		{493CEC88-6F20-4F60-83A6-2B6360B20CB3}.Release|Any CPU.Build.0 = Release|Any CPU
	EndGlobalSection
	GlobalSection(SolutionProperties) = preSolution
		HideSolutionNode = FALSE
	EndGlobalSection
	GlobalSection(ExtensibilityGlobals) = postSolution
		SolutionGuid = {E2011810-5BE5-4DB7-8A48-40376239A43B}
	EndGlobalSection
EndGlobal
